
Microsoft Visual Studio Solution File, Format Version 12.00
# Visual Studio Version 17
VisualStudioVersion = 17.14.36511.14
MinimumVisualStudioVersion = 10.0.40219.1
Project("{FAE04EC0-301F-11D3-BF4B-00C04F79EFBC}") = "SubmissionAPIGateway", "SubmissionAPIGateway\SubmissionAPIGateway.csproj", "{7E12A8AF-1C2F-0409-48C9-A59DE60D5D50}"
EndProject
Global
	GlobalSection(SolutionConfigurationPlatforms) = preSolution
		Debug|Any CPU = Debug|Any CPU
		Release|Any CPU = Release|Any CPU
	EndGlobalSection
	GlobalSection(ProjectConfigurationPlatforms) = postSolution
		{7E12A8AF-1C2F-0409-48C9-A59DE60D5D50}.Debug|Any CPU.ActiveCfg = Debug|Any CPU
		{7E12A8AF-1C2F-0409-48C9-A59DE60D5D50}.Debug|Any CPU.Build.0 = Debug|Any CPU
		{7E12A8AF-1C2F-0409-48C9-A59DE60D5D50}.Release|Any CPU.ActiveCfg = Release|Any CPU
		{7E12A8AF-1C2F-0409-48C9-A59DE60D5D50}.Release|Any CPU.Build.0 = Release|Any CPU
	EndGlobalSection
	GlobalSection(SolutionProperties) = preSolution
		HideSolutionNode = FALSE
	EndGlobalSection
	GlobalSection(ExtensibilityGlobals) = postSolution
		SolutionGuid = {80E22528-910E-4C09-AFDF-5EACCC1E1827}
	EndGlobalSection
EndGlobal
